
Microsoft Visual Studio Solution File, Format Version 12.00
# Visual Studio Version 16
VisualStudioVersion = 16.0.31911.196
MinimumVisualStudioVersion = 10.0.40219.1
Project("{FAE04EC0-301F-11D3-BF4B-00C04F79EFBC}") = "BlobPropertiesConsole", "BlobPropertiesConsole\BlobPropertiesConsole.csproj", "{6A3F25EB-5B4D-4FCD-ADA1-3F67ED1E7EAE}"
EndProject
Global
	GlobalSection(SolutionConfigurationPlatforms) = preSolution
		Debug|Any CPU = Debug|Any CPU
		Release|Any CPU = Release|Any CPU
	EndGlobalSection
	GlobalSection(ProjectConfigurationPlatforms) = postSolution
		{6A3F25EB-5B4D-4FCD-ADA1-3F67ED1E7EAE}.Debug|Any CPU.ActiveCfg = Debug|Any CPU
		{6A3F25EB-5B4D-4FCD-ADA1-3F67ED1E7EAE}.Debug|Any CPU.Build.0 = Debug|Any CPU
		{6A3F25EB-5B4D-4FCD-ADA1-3F67ED1E7EAE}.Release|Any CPU.ActiveCfg = Release|Any CPU
		{6A3F25EB-5B4D-4FCD-ADA1-3F67ED1E7EAE}.Release|Any CPU.Build.0 = Release|Any CPU
	EndGlobalSection
	GlobalSection(SolutionProperties) = preSolution
		HideSolutionNode = FALSE
	EndGlobalSection
	GlobalSection(ExtensibilityGlobals) = postSolution
		SolutionGuid = {D63267CB-2537-4A8F-BE10-7B2D6DF7C0A5}
	EndGlobalSection
EndGlobal
